{
  "projects": [
    {
      "projectId": "r3ASNrnyvLLLAtDvzUioQ",
      "version": "4.8.0",
      "dependencies": {},
      "lang": "ts",
      "fileLocks": [
        {
          "assetId": "r3ASNrnyvLLLAtDvzUioQ",
          "type": "projectCss",
          "checksum": "1c02168c6b23256606111fdfdbb63549"
        }
      ],
      "codegenVersion": "0.0.1"
    },
    {
      "projectId": "ohDidvG9XsCeFumugENU3J",
      "version": "6.29.0",
      "dependencies": {},
      "lang": "ts",
      "fileLocks": [
        {
          "assetId": "ohDidvG9XsCeFumugENU3J",
          "type": "projectCss",
          "checksum": "ba2a60a163fca4f4d510275088a2be53"
        },
        {
          "assetId": "ohDidvG9XsCeFumugENU3J",
          "checksum": "de0a0e65174a6a185a8f822af51c6bdd",
          "type": "globalContexts"
        }
      ],
      "codegenVersion": "0.0.1"
    },
    {
      "projectId": "enk3K4vZ6pmH6kVCoZJXGn",
      "version": "4.26.0",
      "dependencies": {},
      "lang": "ts",
      "fileLocks": [
        {
          "assetId": "enk3K4vZ6pmH6kVCoZJXGn",
          "type": "projectCss",
          "checksum": "67c68b20701026439269d7beebecfc49"
        }
      ],
      "codegenVersion": "0.0.1"
    },
    {
      "projectId": "gmeH6XgPaBtkt51HunAo4g",
      "version": "18.14.0",
      "dependencies": {},
      "lang": "ts",
      "fileLocks": [
        {
          "assetId": "gmeH6XgPaBtkt51HunAo4g",
          "type": "projectCss",
          "checksum": "1c02168c6b23256606111fdfdbb63549"
        }
      ],
      "codegenVersion": "0.0.1"
    },
    {
      "projectId": "mwhScQxahW1in9QQ9WEhLw",
      "version": "latest",
      "dependencies": {
        "gmeH6XgPaBtkt51HunAo4g": "18.14.0",
        "enk3K4vZ6pmH6kVCoZJXGn": "4.26.0",
        "ohDidvG9XsCeFumugENU3J": "6.29.0",
        "r3ASNrnyvLLLAtDvzUioQ": "4.8.0"
      },
      "lang": "ts",
      "fileLocks": [
        {
          "type": "globalVariant",
          "assetId": "jC0CB1S4E1YT",
          "checksum": "d3e340a77fdedd78ca95fa90ed21124f"
        },
        {
          "assetId": "mwhScQxahW1in9QQ9WEhLw",
          "checksum": "d9e4c7cc4e4ad4938b1a35cd29d22559",
          "type": "globalContexts"
        },
        {
          "type": "renderModule",
          "assetId": "OEUd5Lq-jk14",
          "checksum": "eabecbafdfce6778e87e7aa3afc1ef42"
        },
        {
          "type": "cssRules",
          "assetId": "OEUd5Lq-jk14",
          "checksum": "eabecbafdfce6778e87e7aa3afc1ef42"
        },
        {
          "type": "renderModule",
          "assetId": "gTKRrTi-Q3YD",
          "checksum": "c20168feb2b012de01e4414761b3e76e"
        },
        {
          "type": "cssRules",
          "assetId": "gTKRrTi-Q3YD",
          "checksum": "c20168feb2b012de01e4414761b3e76e"
        },
        {
          "type": "renderModule",
          "assetId": "zBHMtY0Q_-9b",
          "checksum": "1d6b046337b051c9b8a1f1c56732e996"
        },
        {
          "type": "cssRules",
          "assetId": "zBHMtY0Q_-9b",
          "checksum": "1d6b046337b051c9b8a1f1c56732e996"
        },
        {
          "type": "renderModule",
          "assetId": "-tdjg-S-roME",
          "checksum": "f1f25bc2e1e559583f67a6915735049b"
        },
        {
          "type": "cssRules",
          "assetId": "-tdjg-S-roME",
          "checksum": "f1f25bc2e1e559583f67a6915735049b"
        },
        {
          "type": "renderModule",
          "assetId": "sn9YJz6uzysm",
          "checksum": "7f1f0a466e51088ac527a492b822faca"
        },
        {
          "type": "cssRules",
          "assetId": "sn9YJz6uzysm",
          "checksum": "7f1f0a466e51088ac527a492b822faca"
        },
        {
          "type": "renderModule",
          "assetId": "kcctumR0tFvt",
          "checksum": "6d58623effa9c819480f67813f8afc0f"
        },
        {
          "type": "cssRules",
          "assetId": "kcctumR0tFvt",
          "checksum": "6d58623effa9c819480f67813f8afc0f"
        },
        {
          "type": "renderModule",
          "assetId": "eVSkuc1xKJir",
          "checksum": "419b8de5087f7afbe15fe1aca2b8aa8b"
        },
        {
          "type": "cssRules",
          "assetId": "eVSkuc1xKJir",
          "checksum": "419b8de5087f7afbe15fe1aca2b8aa8b"
        },
        {
          "type": "renderModule",
          "assetId": "OB8CTT3LUQjA",
          "checksum": "2fe92dbfd541175a02df9df4c70b9b0a"
        },
        {
          "type": "cssRules",
          "assetId": "OB8CTT3LUQjA",
          "checksum": "2fe92dbfd541175a02df9df4c70b9b0a"
        },
        {
          "type": "renderModule",
          "assetId": "6Byy9ioqOvHc",
          "checksum": "94b364c8640f2f24457cb79b543d4375"
        },
        {
          "type": "cssRules",
          "assetId": "6Byy9ioqOvHc",
          "checksum": "94b364c8640f2f24457cb79b543d4375"
        },
        {
          "type": "renderModule",
          "assetId": "SOJndVGK-qBU",
          "checksum": "b3d5c6c0ab1892aaaacb265531d9317e"
        },
        {
          "type": "cssRules",
          "assetId": "SOJndVGK-qBU",
          "checksum": "b3d5c6c0ab1892aaaacb265531d9317e"
        },
        {
          "type": "renderModule",
          "assetId": "WcQ1QKDywmux",
          "checksum": "bcc1dcb125e349322c9c1c759adb7e7f"
        },
        {
          "type": "cssRules",
          "assetId": "WcQ1QKDywmux",
          "checksum": "bcc1dcb125e349322c9c1c759adb7e7f"
        },
        {
          "type": "renderModule",
          "assetId": "WRD9j93d1vlf",
          "checksum": "34e34e4d7b4596fd44768c7965052dd2"
        },
        {
          "type": "cssRules",
          "assetId": "WRD9j93d1vlf",
          "checksum": "34e34e4d7b4596fd44768c7965052dd2"
        },
        {
          "type": "renderModule",
          "assetId": "3UoNTlE6DfwL",
          "checksum": "75765447d679029c4ab831615950566b"
        },
        {
          "type": "cssRules",
          "assetId": "3UoNTlE6DfwL",
          "checksum": "75765447d679029c4ab831615950566b"
        },
        {
          "type": "renderModule",
          "assetId": "L4A9oBw_uWEu",
          "checksum": "12521da1b0158098fe6ab7d3f57fb5bd"
        },
        {
          "type": "cssRules",
          "assetId": "L4A9oBw_uWEu",
          "checksum": "12521da1b0158098fe6ab7d3f57fb5bd"
        },
        {
          "type": "renderModule",
          "assetId": "PzznN-H4TBjO",
          "checksum": "77aab3a7ee78c3905bed32ef2a7bb0d3"
        },
        {
          "type": "cssRules",
          "assetId": "PzznN-H4TBjO",
          "checksum": "77aab3a7ee78c3905bed32ef2a7bb0d3"
        },
        {
          "type": "renderModule",
          "assetId": "44WXQC_jtDCd",
          "checksum": "080bbb98c5c247361ba7b2f3d095c12b"
        },
        {
          "type": "cssRules",
          "assetId": "44WXQC_jtDCd",
          "checksum": "080bbb98c5c247361ba7b2f3d095c12b"
        },
        {
          "type": "renderModule",
          "assetId": "_VV1p5aEKrOy",
          "checksum": "64dfc6ad1b514a381d7b01fa5b7d7c9a"
        },
        {
          "type": "cssRules",
          "assetId": "_VV1p5aEKrOy",
          "checksum": "64dfc6ad1b514a381d7b01fa5b7d7c9a"
        },
        {
          "type": "renderModule",
          "assetId": "iz3ZpCfz4HHL",
          "checksum": "8b77157abc9dca3df292ef0ec0529e25"
        },
        {
          "type": "cssRules",
          "assetId": "iz3ZpCfz4HHL",
          "checksum": "8b77157abc9dca3df292ef0ec0529e25"
        },
        {
          "type": "renderModule",
          "assetId": "fcdOVpZOWlXS",
          "checksum": "2e385ca0f941922a677ce490cdc4118e"
        },
        {
          "type": "cssRules",
          "assetId": "fcdOVpZOWlXS",
          "checksum": "2e385ca0f941922a677ce490cdc4118e"
        },
        {
          "type": "renderModule",
          "assetId": "rnWgrWq9iCua",
          "checksum": "9fb84fdeb2f6339016a2847a39a06c98"
        },
        {
          "type": "cssRules",
          "assetId": "rnWgrWq9iCua",
          "checksum": "9fb84fdeb2f6339016a2847a39a06c98"
        },
        {
          "type": "renderModule",
          "assetId": "2GYqcQGkWH0Q",
          "checksum": "f5ba79d6e3c23726694f7b8230ff5d2c"
        },
        {
          "type": "cssRules",
          "assetId": "2GYqcQGkWH0Q",
          "checksum": "f5ba79d6e3c23726694f7b8230ff5d2c"
        },
        {
          "type": "renderModule",
          "assetId": "1EQNevkhzMfd",
          "checksum": "96ab633e997fed2361a0900a900c3ee4"
        },
        {
          "type": "cssRules",
          "assetId": "1EQNevkhzMfd",
          "checksum": "96ab633e997fed2361a0900a900c3ee4"
        },
        {
          "type": "renderModule",
          "assetId": "z7mcH-nIVHjQ",
          "checksum": "0e7d89542e0341c751a473e7aa6887de"
        },
        {
          "type": "cssRules",
          "assetId": "z7mcH-nIVHjQ",
          "checksum": "0e7d89542e0341c751a473e7aa6887de"
        },
        {
          "type": "renderModule",
          "assetId": "OedRmvKSTTzd",
          "checksum": "90577afc8f21efdefd7464877faf2777"
        },
        {
          "type": "cssRules",
          "assetId": "OedRmvKSTTzd",
          "checksum": "90577afc8f21efdefd7464877faf2777"
        },
        {
          "type": "renderModule",
          "assetId": "jZNfJESa7bty",
          "checksum": "a05f593b9606c6fcab267cb459a906f4"
        },
        {
          "type": "cssRules",
          "assetId": "jZNfJESa7bty",
          "checksum": "a05f593b9606c6fcab267cb459a906f4"
        },
        {
          "type": "renderModule",
          "assetId": "C8f9tLyTGaUR",
          "checksum": "23b7d89f79a9d113d81e1a6766d6c7ce"
        },
        {
          "type": "cssRules",
          "assetId": "C8f9tLyTGaUR",
          "checksum": "23b7d89f79a9d113d81e1a6766d6c7ce"
        },
        {
          "type": "renderModule",
          "assetId": "8BGjQZUgzyum",
          "checksum": "f0e4867267bf810a34dec19e3143ae27"
        },
        {
          "type": "cssRules",
          "assetId": "8BGjQZUgzyum",
          "checksum": "f0e4867267bf810a34dec19e3143ae27"
        },
        {
          "type": "renderModule",
          "assetId": "yb6NoNktLEqW",
          "checksum": "94d8d8501e0e954207d4439b84c8604f"
        },
        {
          "type": "cssRules",
          "assetId": "yb6NoNktLEqW",
          "checksum": "94d8d8501e0e954207d4439b84c8604f"
        },
        {
          "type": "renderModule",
          "assetId": "9CjNEB42uJzj",
          "checksum": "96d1e7d480c19907b6859873494ce0b2"
        },
        {
          "type": "cssRules",
          "assetId": "9CjNEB42uJzj",
          "checksum": "96d1e7d480c19907b6859873494ce0b2"
        },
        {
          "type": "renderModule",
          "assetId": "GpFdzmhF4-uh",
          "checksum": "6c4ce7a5b832b5c49b33196f05c1f6ad"
        },
        {
          "type": "cssRules",
          "assetId": "GpFdzmhF4-uh",
          "checksum": "6c4ce7a5b832b5c49b33196f05c1f6ad"
        },
        {
          "type": "renderModule",
          "assetId": "HwyJBTEgZPTV",
          "checksum": "a762d62e758241d5276783ade6299547"
        },
        {
          "type": "cssRules",
          "assetId": "HwyJBTEgZPTV",
          "checksum": "a762d62e758241d5276783ade6299547"
        },
        {
          "type": "renderModule",
          "assetId": "Svhekvnr8s8r",
          "checksum": "1b7e4f5e866cee6673dd0cbeb90896c4"
        },
        {
          "type": "cssRules",
          "assetId": "Svhekvnr8s8r",
          "checksum": "1b7e4f5e866cee6673dd0cbeb90896c4"
        },
        {
          "type": "renderModule",
          "assetId": "RRkfys9gsrtt",
          "checksum": "182d3620d0b9dede5979c99dc203ad00"
        },
        {
          "type": "cssRules",
          "assetId": "RRkfys9gsrtt",
          "checksum": "182d3620d0b9dede5979c99dc203ad00"
        },
        {
          "type": "renderModule",
          "assetId": "MkTrN3hA6zc2",
          "checksum": "873bfa8684d89cb14d1d868619ab6e2e"
        },
        {
          "type": "cssRules",
          "assetId": "MkTrN3hA6zc2",
          "checksum": "873bfa8684d89cb14d1d868619ab6e2e"
        },
        {
          "type": "renderModule",
          "assetId": "q4iUs71Ve8ZA",
          "checksum": "ba5621f2d059398457dba7d5e2e2a6c9"
        },
        {
          "type": "cssRules",
          "assetId": "q4iUs71Ve8ZA",
          "checksum": "ba5621f2d059398457dba7d5e2e2a6c9"
        },
        {
          "type": "icon",
          "assetId": "IC7ycYphHpjw",
          "checksum": "d9a19097cab8b8de4d65a13a162be1c9"
        },
        {
          "type": "icon",
          "assetId": "7sgNTXN-bhFB",
          "checksum": "b5affc5ba1bfca0c260d8d605b8d5b90"
        },
        {
          "type": "icon",
          "assetId": "R9G-bwwvLsXS",
          "checksum": "200ffc74a7d74b669039e8ae5bdf0dba"
        },
        {
          "type": "icon",
          "assetId": "QaA5eMfuTQEY",
          "checksum": "b8fb9e062daa5439a53bf3b1c99dcfa1"
        },
        {
          "type": "icon",
          "assetId": "_D_2rR78jwrO",
          "checksum": "6fa90868a760d4d6ee858be17d68b48f"
        },
        {
          "type": "icon",
          "assetId": "Vp12ElooXaaP",
          "checksum": "a7696f475f6cc76538ebcb4da7bf2076"
        },
        {
          "type": "icon",
          "assetId": "wpB1l3Z9qI_2",
          "checksum": "895ef523dca1ab986f3d920f73983018"
        },
        {
          "type": "icon",
          "assetId": "MeawlVrc7p-u",
          "checksum": "8ce5dc18290425d2ced1d35ed3e54576"
        },
        {
          "type": "icon",
          "assetId": "Yrry_94-feiz",
          "checksum": "f2fbe82a13588e47bcea84c3413a3ca0"
        },
        {
          "type": "icon",
          "assetId": "q6AZOQ6zTDhM",
          "checksum": "87cac16ffbd281b59e7a5e0ab8955adb"
        },
        {
          "type": "icon",
          "assetId": "VhpnAEjy1T-P",
          "checksum": "6a1aae654c2cc24d25f646a2c6087727"
        },
        {
          "type": "icon",
          "assetId": "SUNmOWxvkS_C",
          "checksum": "7004862b95bd3cad707bb87c665ee9f9"
        },
        {
          "type": "icon",
          "assetId": "Dsa-mt6NbFxe",
          "checksum": "97747b5bc99e5514a569e4a9a3cd8713"
        },
        {
          "type": "icon",
          "assetId": "JFiiYDugb7IN",
          "checksum": "d095f7ccf8bae80852fec936a11494bd"
        },
        {
          "type": "icon",
          "assetId": "wwdft5psgCds",
          "checksum": "65742c679ccf1fe3d0c806753b4f7135"
        },
        {
          "type": "icon",
          "assetId": "7A69US2l9RQo",
          "checksum": "1d7c0e6f63025574edfb90d2f62f1e18"
        },
        {
          "type": "icon",
          "assetId": "UZBGPQvUmEib",
          "checksum": "f294457c9d39e0f8d672e6bfd87a54c5"
        },
        {
          "type": "icon",
          "assetId": "vtIKXT7rh5yT",
          "checksum": "bd52e35548f3c0289e2e30a43173c841"
        },
        {
          "type": "icon",
          "assetId": "fFbz8OXtljue",
          "checksum": "38ae43dbff423e238ade195f42aa58bd"
        },
        {
          "type": "icon",
          "assetId": "EXd5kturjEPY",
          "checksum": "80c9a31a395b716a9175cf68f1ce96bb"
        },
        {
          "type": "icon",
          "assetId": "GN3sfPXS6_iI",
          "checksum": "a5bf7f4735c7b23c7ab8bf28710a419e"
        },
        {
          "type": "icon",
          "assetId": "tjsoG7ClW5FH",
          "checksum": "2f8fbc8e37a3a802c2ffcd7e85f65193"
        },
        {
          "type": "icon",
          "assetId": "oPSneQ3NitM1",
          "checksum": "3c38aa1a727289bf363e80988f17cd74"
        },
        {
          "type": "icon",
          "assetId": "RtaTbrDxbIfz",
          "checksum": "fc8fe2f8f0a19217749fb7805e6f09d0"
        },
        {
          "type": "icon",
          "assetId": "ML31v7iBOSTD",
          "checksum": "94b9d92c5af51332ccb1293b71fc9822"
        },
        {
          "type": "icon",
          "assetId": "xBGyFb1fjE6T",
          "checksum": "0ee60896c497b274d7eee6564b12323f"
        },
        {
          "type": "icon",
          "assetId": "9UtjvGWASob-",
          "checksum": "27ea4b46d498bfba729fd9d345042a03"
        },
        {
          "type": "icon",
          "assetId": "ILkf8pnTpwUF",
          "checksum": "4e328e2812d8ce49af8e809e422a438e"
        },
        {
          "type": "icon",
          "assetId": "dFTrCOO8A3-O",
          "checksum": "6f8d520a5e22ffd78579cfe8ef16b4dd"
        },
        {
          "type": "icon",
          "assetId": "Vv7muEH4Fv3K",
          "checksum": "6b5cc63114de003a4df3fd6a7adb4b21"
        },
        {
          "type": "icon",
          "assetId": "ifUEmdI1Jbp1",
          "checksum": "7db46df76b5f6cb27d7bea8d1b4a351a"
        },
        {
          "type": "icon",
          "assetId": "XwJ09v1wpGZM",
          "checksum": "5dab592d4473bde9c42a13b66c20498c"
        },
        {
          "type": "icon",
          "assetId": "gblZIDUnvzOa",
          "checksum": "ccdbbce468afb607da22d3b96e5530e9"
        },
        {
          "type": "icon",
          "assetId": "C87fX7RllPrB",
          "checksum": "a147d534416c0621ef03dfd360306d35"
        },
        {
          "type": "icon",
          "assetId": "HreH8oqEjGWZ",
          "checksum": "a6b0db7f2c3d43429a54b8ab585e67fe"
        },
        {
          "type": "icon",
          "assetId": "G-X5KVV5YSXy",
          "checksum": "f84b57e2f9afedd5b51f54fa1896c94f"
        },
        {
          "type": "icon",
          "assetId": "_Xo752c7AVWn",
          "checksum": "3558efa44f04d81bcfe2920b7b7f604d"
        },
        {
          "type": "icon",
          "assetId": "bO0Zrp0LpHXg",
          "checksum": "60802526ab3b5037a972e38e2864fd62"
        },
        {
          "type": "icon",
          "assetId": "9M_bXaSriyHG",
          "checksum": "ae630b5a719b07fa6b851391b69125a0"
        },
        {
          "type": "icon",
          "assetId": "LmGA6yOXru4K",
          "checksum": "899df101d42e13c635dfd063365ba820"
        },
        {
          "type": "icon",
          "assetId": "yk_cP0NmN2t2",
          "checksum": "5a4d54c49a830a83b2295f67be07c47a"
        },
        {
          "type": "icon",
          "assetId": "YjVqrW6aV-Xz",
          "checksum": "ffada3a74c402f873634f0bc8c554a21"
        },
        {
          "type": "icon",
          "assetId": "0VKxJJp0BM8r",
          "checksum": "3365b4723ccf1763a1c49460e5d9c816"
        },
        {
          "type": "icon",
          "assetId": "8ew3PfxYfc3D",
          "checksum": "6fcbcc3b49bd6aaf1822d55d02cc5f5f"
        },
        {
          "type": "image",
          "assetId": "5Xjh9uvurPq-",
          "checksum": "a495c478cbee0aba8f06a9db227482fa"
        },
        {
          "type": "image",
          "assetId": "rmB1z8BY11wS",
          "checksum": "c74529b89c431282f270ac506911c3ed"
        },
        {
          "type": "image",
          "assetId": "_mbe1K4x1ADG",
          "checksum": "3e927156d179daca6e5738431b1cc925"
        },
        {
          "type": "image",
          "assetId": "An0CZ5NVMkMn",
          "checksum": "9602276075125858714b4d14b3bfc312"
        },
        {
          "type": "image",
          "assetId": "lD435s1QKd1G",
          "checksum": "0e58c15eaf8bea85901b7cd21a226fa1"
        },
        {
          "type": "image",
          "assetId": "VFKDE07f08W9",
          "checksum": "c25dec3ccc7e5a44f1869519bc071add"
        },
        {
          "type": "image",
          "assetId": "aYAFn4kjobjt",
          "checksum": "64efce0c99353d3a6ad76e76502f53da"
        },
        {
          "type": "image",
          "assetId": "7Qb9DrGB1bfU",
          "checksum": "8671620a4f3c2245aaee34d899c78702"
        },
        {
          "type": "image",
          "assetId": "Hspp76NfVF0O",
          "checksum": "321dd3318c3d3931f46d1d7bc6b9587a"
        },
        {
          "type": "image",
          "assetId": "hK0gBuqny2Ja",
          "checksum": "1aa5c46ae057edeb659e7b53ccf39b85"
        },
        {
          "type": "image",
          "assetId": "p04cCELDFuja",
          "checksum": "bbfd0dac39ca0a870d15a4465a690722"
        },
        {
          "type": "image",
          "assetId": "cKTD02F2BlVX",
          "checksum": "3b85b5f057135b687f9aee12a078d282"
        },
        {
          "type": "image",
          "assetId": "GC8nX6Fee49W",
          "checksum": "262b31dcfc11dc0e20b5bc54cdf86000"
        },
        {
          "type": "image",
          "assetId": "PKjM8onlbToQ",
          "checksum": "52d796a74d3eaef06961810a29a669ad"
        },
        {
          "type": "image",
          "assetId": "qzI5XH7bHFai",
          "checksum": "507093a3de703772e09c9ad4db32a4bb"
        },
        {
          "type": "image",
          "assetId": "eba1YwFdpnHo",
          "checksum": "4be546c61f104f65139ad38f735cbbc3"
        },
        {
          "type": "image",
          "assetId": "P7Yis0JPAnf5",
          "checksum": "d9f480dc4e2ef48df7cd434bd2f3ea3f"
        },
        {
          "type": "image",
          "assetId": "mJV8xk7CkgzI",
          "checksum": "b570d55bdd168080155abeec457db528"
        },
        {
          "type": "image",
          "assetId": "-vE4_zmahY88",
          "checksum": "2fbf18edfe69a336345e7c2fa998e7fd"
        },
        {
          "type": "image",
          "assetId": "Dz8WB4qOtxsO",
          "checksum": "b2d430c017e17ab9a28df4e38c7f5a61"
        },
        {
          "type": "image",
          "assetId": "Fm0PltIP588-",
          "checksum": "3b7c997b86eebac24614fb95df9ef389"
        },
        {
          "type": "image",
          "assetId": "WtHMzC4XkXeN",
          "checksum": "d2b366bdaa31c02cb3e4b154299ad7ad"
        },
        {
          "type": "image",
          "assetId": "g7_1DvLyGBug",
          "checksum": "779e83d72a356b2f05484d8c929b4c83"
        },
        {
          "type": "image",
          "assetId": "SnOPwfsh08Cm",
          "checksum": "c55eb87c848526996eab5669c3569bf6"
        },
        {
          "type": "image",
          "assetId": "DHtioIzdQ7ks",
          "checksum": "deb47f46788bceda57fd3d03b6392c24"
        },
        {
          "type": "image",
          "assetId": "cVmZgvgf2B6G",
          "checksum": "18fb557eb452a070096cc482d38ef1f4"
        },
        {
          "type": "image",
          "assetId": "eXLuPzoZ3tfX",
          "checksum": "7ce849547f7d33d0326712882d3ebe47"
        },
        {
          "type": "image",
          "assetId": "1jfQBdpbp5h_",
          "checksum": "c22b3fc5192901bce7b5fe3722f15324"
        },
        {
          "type": "image",
          "assetId": "llbezIaqNMH-",
          "checksum": "9afb2797d7d8b7058d4d3ed35ead8bce"
        },
        {
          "type": "image",
          "assetId": "6N8_BOJY_CWp",
          "checksum": "e3b1ea052723078cad12351485d7fdc1"
        },
        {
          "type": "image",
          "assetId": "LHE2S9qrZVZb",
          "checksum": "087cf9d4f7fa6e984908aedc705b0c76"
        },
        {
          "type": "image",
          "assetId": "PVBwE_725-dp",
          "checksum": "58a2d72f4ec5a8c3f5325811bf7a8db8"
        },
        {
          "type": "image",
          "assetId": "Aub1IfA8AsUM",
          "checksum": "9cc794c7b43e100cc2cdc38866e65989"
        },
        {
          "type": "image",
          "assetId": "9tr_qJQ0q1P2",
          "checksum": "425cefbca0371fb9203ac2d5106bf822"
        },
        {
          "type": "image",
          "assetId": "j8SxNiPav-OK",
          "checksum": "a29ddbde4569aec9bba2466f04b7a692"
        },
        {
          "type": "image",
          "assetId": "XBTM5FPVB8Vp",
          "checksum": "bef94ea8b5debeb72273a6539ea0f446"
        },
        {
          "type": "image",
          "assetId": "rZQXglqNwdtC",
          "checksum": "e0aa6aec3449adc8c3bdbfb2fc151e68"
        },
        {
          "type": "image",
          "assetId": "VZ3UItFY-8qt",
          "checksum": "96a30b268ad651e4d79ad002493a56ef"
        },
        {
          "type": "image",
          "assetId": "BDLHUwo6mxEp",
          "checksum": "264ea3bc72447a00c97068e003947558"
        },
        {
          "type": "image",
          "assetId": "xGnTNduGYE--",
          "checksum": "78b153c4967fafe80b4a9c30bbae3620"
        },
        {
          "type": "image",
          "assetId": "BjFbKDv0NWrl",
          "checksum": "1a242a97b96e3096b11f1944321ec532"
        },
        {
          "type": "image",
          "assetId": "POzNNMOK_6RW",
          "checksum": "1922dad6586518bfabe57eb009ebb1fb"
        },
        {
          "type": "image",
          "assetId": "jcDs0pKlae0a",
          "checksum": "3ca507f68466ddbdd2f419f7eb9c0566"
        },
        {
          "type": "image",
          "assetId": "HKyR2Ij-rMvK",
          "checksum": "258c5d07d740eeaaddde2719b92d47d7"
        },
        {
          "type": "image",
          "assetId": "5Fw6-jf18LN2",
          "checksum": "747e1bd1a124f2d887e1c09af7d63f0c"
        },
        {
          "type": "image",
          "assetId": "xe-siFe1yjjY",
          "checksum": "57e795704311983fe43771848fb8dd42"
        },
        {
          "type": "image",
          "assetId": "pDquf1DhL9-t",
          "checksum": "4ba1cb01fc26a77231bd17ccdbfba026"
        },
        {
          "type": "image",
          "assetId": "_L8V-TwCGzlc",
          "checksum": "189caebe9251547173c20aad2888128d"
        },
        {
          "type": "image",
          "assetId": "eQ2V5cwuMoxw",
          "checksum": "ae42b82f9ae57087269cfc476e9ece40"
        },
        {
          "type": "image",
          "assetId": "hLuoaQebHnst",
          "checksum": "09d8ca3d43c37759735e548140b910d4"
        },
        {
          "type": "image",
          "assetId": "LDqRz1tHC99c",
          "checksum": "0bb7992ca61ef38fb0112f9be87a973e"
        },
        {
          "type": "image",
          "assetId": "SBLcqbiOz6Dk",
          "checksum": "e917b74d056a4833257f492098330080"
        },
        {
          "type": "image",
          "assetId": "Uk-Mc1YSdiAm",
          "checksum": "b6318eb24efee3f882f58ccb15857636"
        },
        {
          "type": "image",
          "assetId": "1xfVp-l402_A",
          "checksum": "86e2042f38fbae23542cb49b5995d2ac"
        },
        {
          "type": "image",
          "assetId": "Q-2p4kAUC2rS",
          "checksum": "7b10f1b50c69674b664f3cb7a50d544e"
        },
        {
          "type": "image",
          "assetId": "sro_YQeO-hHP",
          "checksum": "d275e77141879ed2ffa27b3483b019bc"
        },
        {
          "type": "image",
          "assetId": "FFIPEhqxnP5b",
          "checksum": "8f318ea3361e52b5165cd47747c397fc"
        },
        {
          "type": "image",
          "assetId": "cKdEmzVaJWqv",
          "checksum": "9874ee299d9c5fba3c0e5e7aebcd1570"
        },
        {
          "type": "image",
          "assetId": "JykOxVihVJwt",
          "checksum": "ea5b2d770a33e4b79dbef29f6abc243e"
        },
        {
          "type": "image",
          "assetId": "9PLnZa1pgsJU",
          "checksum": "82785db916d3f8fec504660c6923a442"
        },
        {
          "type": "image",
          "assetId": "IVPmDYbJba85",
          "checksum": "fff6593f400e7bd2de77f4a192db3310"
        },
        {
          "type": "image",
          "assetId": "uZJxLh_P6OVO",
          "checksum": "ab556b4f2c9c7fc93f81e060f6b713b9"
        },
        {
          "type": "image",
          "assetId": "ZUC7I6gmJFBI",
          "checksum": "b2d9e3788361149569b7dbc3228422c9"
        },
        {
          "type": "image",
          "assetId": "zSoUyWw8rhzm",
          "checksum": "61c81c109a2d821c15a37f8ad9261767"
        },
        {
          "type": "image",
          "assetId": "QgjYtYLT3_t7",
          "checksum": "d3c3d50f137abed9270b319ad517fd61"
        },
        {
          "type": "image",
          "assetId": "BQx6cFFCMJ6N",
          "checksum": "6e061ac5e1adc47a0a17df4bac63f45f"
        },
        {
          "type": "image",
          "assetId": "YWeiAxaUvqMM",
          "checksum": "a6da2861dddd9473c48d236a10729266"
        },
        {
          "type": "image",
          "assetId": "AacvaE-eUEO7",
          "checksum": "897954b820fee17af1165485a2f997c2"
        },
        {
          "type": "image",
          "assetId": "i1CX2zL668zF",
          "checksum": "2e4cddeb6b6f846b60e4a9b4b32b717b"
        },
        {
          "type": "image",
          "assetId": "8cUSw5dKBNQB",
          "checksum": "34a20aec5ac2c23115d606c906dca850"
        },
        {
          "type": "image",
          "assetId": "D_cR5GuAtBGV",
          "checksum": "95e27c75d2e11feb7d301e7ccc20f775"
        },
        {
          "type": "image",
          "assetId": "RRBa2F4l3ZMZ",
          "checksum": "21c62dd6e875d2ed84969ea164c21fbb"
        },
        {
          "type": "image",
          "assetId": "dncyzFWAg3TW",
          "checksum": "a76e513a0f129a3abd39b6d0429f4e27"
        },
        {
          "type": "image",
          "assetId": "CjL_3pxOltFl",
          "checksum": "0bfd4c71d1c97485957a209c27def7d3"
        },
        {
          "type": "image",
          "assetId": "ebGAWLsmk_Zj",
          "checksum": "adaf0f43ba13becc3533f731d6fde5f2"
        },
        {
          "assetId": "mwhScQxahW1in9QQ9WEhLw",
          "type": "projectCss",
          "checksum": "bb626aa57e004b69922157868d59bcda"
        },
        {
          "type": "image",
          "assetId": "OtjK6js4nSma",
          "checksum": "8961fb2d463d5c808448411e1a9e4862"
        },
        {
          "type": "image",
          "assetId": "KIoMghpnuy07",
          "checksum": "a78419838f5ebf4bf44e94a5447fb006"
        }
      ],
      "codegenVersion": "0.0.1"
    }
  ],
  "cliVersion": "0.1.335"
}
