{
  "projects": [
    {
      "projectId": "r3ASNrnyvLLLAtDvzUioQ",
      "version": "4.13.0",
      "dependencies": {},
      "lang": "ts",
      "fileLocks": [
        {
          "assetId": "r3ASNrnyvLLLAtDvzUioQ",
          "type": "projectCss",
          "checksum": "fd97b5780f8a68a1561c8818e6d31f40"
        }
      ],
      "codegenVersion": "0.0.1"
    },
    {
      "projectId": "ohDidvG9XsCeFumugENU3J",
      "version": "6.34.0",
      "dependencies": {},
      "lang": "ts",
      "fileLocks": [
        {
          "assetId": "ohDidvG9XsCeFumugENU3J",
          "checksum": "f9cc098ce5640eefe7d9edb8470a210c",
          "type": "globalContexts"
        },
        {
          "assetId": "ohDidvG9XsCeFumugENU3J",
          "type": "projectCss",
          "checksum": "90d914ab6827da8f06873ac8ab81cbfa"
        }
      ],
      "codegenVersion": "0.0.1"
    },
    {
      "projectId": "enk3K4vZ6pmH6kVCoZJXGn",
      "version": "4.31.0",
      "dependencies": {},
      "lang": "ts",
      "fileLocks": [
        {
          "assetId": "enk3K4vZ6pmH6kVCoZJXGn",
          "type": "projectCss",
          "checksum": "1f4e5cf64d078aa6f6f714a1afc230dc"
        }
      ],
      "codegenVersion": "0.0.1"
    },
    {
      "projectId": "gmeH6XgPaBtkt51HunAo4g",
      "version": "18.25.0",
      "dependencies": {},
      "lang": "ts",
      "fileLocks": [
        {
          "assetId": "gmeH6XgPaBtkt51HunAo4g",
          "type": "projectCss",
          "checksum": "fd97b5780f8a68a1561c8818e6d31f40"
        }
      ],
      "codegenVersion": "0.0.1"
    },
    {
      "projectId": "mwhScQxahW1in9QQ9WEhLw",
      "version": "latest",
      "dependencies": {
        "gmeH6XgPaBtkt51HunAo4g": "18.25.0",
        "enk3K4vZ6pmH6kVCoZJXGn": "4.31.0",
        "ohDidvG9XsCeFumugENU3J": "6.34.0",
        "r3ASNrnyvLLLAtDvzUioQ": "4.13.0"
      },
      "lang": "ts",
      "fileLocks": [
        {
          "type": "globalVariant",
          "assetId": "jC0CB1S4E1YT",
          "checksum": "ced5a8a65a335e1bfcc8496ed790d38e"
        },
        {
          "assetId": "mwhScQxahW1in9QQ9WEhLw",
          "checksum": "dbe0935a8c1a9dc7a8d75e0691e7339d",
          "type": "globalContexts"
        },
        {
          "type": "renderModule",
          "assetId": "OEUd5Lq-jk14",
          "checksum": "f61fa2802d4680c8d6445c1e6f767aa0"
        },
        {
          "type": "cssRules",
          "assetId": "OEUd5Lq-jk14",
          "checksum": "f61fa2802d4680c8d6445c1e6f767aa0"
        },
        {
          "type": "renderModule",
          "assetId": "gTKRrTi-Q3YD",
          "checksum": "18ca05a4ad29ab10c9938f3326ecb334"
        },
        {
          "type": "cssRules",
          "assetId": "gTKRrTi-Q3YD",
          "checksum": "18ca05a4ad29ab10c9938f3326ecb334"
        },
        {
          "type": "renderModule",
          "assetId": "zBHMtY0Q_-9b",
          "checksum": "5bb3eb547d27d089c04ae0c82be0b0ff"
        },
        {
          "type": "cssRules",
          "assetId": "zBHMtY0Q_-9b",
          "checksum": "5bb3eb547d27d089c04ae0c82be0b0ff"
        },
        {
          "type": "renderModule",
          "assetId": "-tdjg-S-roME",
          "checksum": "d1058263c4b9f9a56991ce122a3c4346"
        },
        {
          "type": "cssRules",
          "assetId": "-tdjg-S-roME",
          "checksum": "d1058263c4b9f9a56991ce122a3c4346"
        },
        {
          "type": "renderModule",
          "assetId": "sn9YJz6uzysm",
          "checksum": "4b4c27f8574af30fa8be0ec0dad0c5d2"
        },
        {
          "type": "cssRules",
          "assetId": "sn9YJz6uzysm",
          "checksum": "4b4c27f8574af30fa8be0ec0dad0c5d2"
        },
        {
          "type": "renderModule",
          "assetId": "kcctumR0tFvt",
          "checksum": "48d1356b5acb27f77518dbc54b3931c5"
        },
        {
          "type": "cssRules",
          "assetId": "kcctumR0tFvt",
          "checksum": "48d1356b5acb27f77518dbc54b3931c5"
        },
        {
          "type": "renderModule",
          "assetId": "eVSkuc1xKJir",
          "checksum": "e7edd3b12d3adc532171d21ac8116151"
        },
        {
          "type": "cssRules",
          "assetId": "eVSkuc1xKJir",
          "checksum": "e7edd3b12d3adc532171d21ac8116151"
        },
        {
          "type": "renderModule",
          "assetId": "OB8CTT3LUQjA",
          "checksum": "7273626cee263e8960408418aadf80a7"
        },
        {
          "type": "cssRules",
          "assetId": "OB8CTT3LUQjA",
          "checksum": "7273626cee263e8960408418aadf80a7"
        },
        {
          "type": "renderModule",
          "assetId": "6Byy9ioqOvHc",
          "checksum": "f4a55081dc4bf0823beb8ffb9627859a"
        },
        {
          "type": "cssRules",
          "assetId": "6Byy9ioqOvHc",
          "checksum": "f4a55081dc4bf0823beb8ffb9627859a"
        },
        {
          "type": "renderModule",
          "assetId": "SOJndVGK-qBU",
          "checksum": "3c47a9ad593156081586494571d81861"
        },
        {
          "type": "cssRules",
          "assetId": "SOJndVGK-qBU",
          "checksum": "3c47a9ad593156081586494571d81861"
        },
        {
          "type": "renderModule",
          "assetId": "WcQ1QKDywmux",
          "checksum": "127f77aa8bdcb82fbcf36df7c4c5d107"
        },
        {
          "type": "cssRules",
          "assetId": "WcQ1QKDywmux",
          "checksum": "127f77aa8bdcb82fbcf36df7c4c5d107"
        },
        {
          "type": "renderModule",
          "assetId": "WRD9j93d1vlf",
          "checksum": "25b2f4d51039eb4e52eec64106b64e02"
        },
        {
          "type": "cssRules",
          "assetId": "WRD9j93d1vlf",
          "checksum": "25b2f4d51039eb4e52eec64106b64e02"
        },
        {
          "type": "renderModule",
          "assetId": "3UoNTlE6DfwL",
          "checksum": "a57a818ff8b016b1ef5da560da8bbe54"
        },
        {
          "type": "cssRules",
          "assetId": "3UoNTlE6DfwL",
          "checksum": "a57a818ff8b016b1ef5da560da8bbe54"
        },
        {
          "type": "renderModule",
          "assetId": "L4A9oBw_uWEu",
          "checksum": "11271f910ed9dd68d479023f4deb21b8"
        },
        {
          "type": "cssRules",
          "assetId": "L4A9oBw_uWEu",
          "checksum": "11271f910ed9dd68d479023f4deb21b8"
        },
        {
          "type": "renderModule",
          "assetId": "PzznN-H4TBjO",
          "checksum": "14a382f123d9bec02560df5246550361"
        },
        {
          "type": "cssRules",
          "assetId": "PzznN-H4TBjO",
          "checksum": "14a382f123d9bec02560df5246550361"
        },
        {
          "type": "renderModule",
          "assetId": "44WXQC_jtDCd",
          "checksum": "3f58c4c27b396ccea9af68a997bd1545"
        },
        {
          "type": "cssRules",
          "assetId": "44WXQC_jtDCd",
          "checksum": "3f58c4c27b396ccea9af68a997bd1545"
        },
        {
          "type": "renderModule",
          "assetId": "_VV1p5aEKrOy",
          "checksum": "60501d55965fb5169ece7ed15eedac91"
        },
        {
          "type": "cssRules",
          "assetId": "_VV1p5aEKrOy",
          "checksum": "60501d55965fb5169ece7ed15eedac91"
        },
        {
          "type": "renderModule",
          "assetId": "iz3ZpCfz4HHL",
          "checksum": "56bdd3da10e8c71572707f50f2e29b27"
        },
        {
          "type": "cssRules",
          "assetId": "iz3ZpCfz4HHL",
          "checksum": "56bdd3da10e8c71572707f50f2e29b27"
        },
        {
          "type": "renderModule",
          "assetId": "fcdOVpZOWlXS",
          "checksum": "f2e2dc51f93634f2f356041053a87b8b"
        },
        {
          "type": "cssRules",
          "assetId": "fcdOVpZOWlXS",
          "checksum": "f2e2dc51f93634f2f356041053a87b8b"
        },
        {
          "type": "renderModule",
          "assetId": "rnWgrWq9iCua",
          "checksum": "0ab1a702455350ed523ff50ef9069a58"
        },
        {
          "type": "cssRules",
          "assetId": "rnWgrWq9iCua",
          "checksum": "0ab1a702455350ed523ff50ef9069a58"
        },
        {
          "type": "renderModule",
          "assetId": "2GYqcQGkWH0Q",
          "checksum": "9f6c3f439b3e16b454e9a72d97c2a1ac"
        },
        {
          "type": "cssRules",
          "assetId": "2GYqcQGkWH0Q",
          "checksum": "9f6c3f439b3e16b454e9a72d97c2a1ac"
        },
        {
          "type": "renderModule",
          "assetId": "1EQNevkhzMfd",
          "checksum": "bde6736a8f6c26ac1010fb5d8e015d0a"
        },
        {
          "type": "cssRules",
          "assetId": "1EQNevkhzMfd",
          "checksum": "bde6736a8f6c26ac1010fb5d8e015d0a"
        },
        {
          "type": "renderModule",
          "assetId": "z7mcH-nIVHjQ",
          "checksum": "9dd1d965024e6a3600c3536041b1c676"
        },
        {
          "type": "cssRules",
          "assetId": "z7mcH-nIVHjQ",
          "checksum": "9dd1d965024e6a3600c3536041b1c676"
        },
        {
          "type": "renderModule",
          "assetId": "OedRmvKSTTzd",
          "checksum": "fc4ee7dd4fca35d996819fdcc08d2329"
        },
        {
          "type": "cssRules",
          "assetId": "OedRmvKSTTzd",
          "checksum": "fc4ee7dd4fca35d996819fdcc08d2329"
        },
        {
          "type": "renderModule",
          "assetId": "jZNfJESa7bty",
          "checksum": "516a03b56e9722b0d7ad3a21dde65f77"
        },
        {
          "type": "cssRules",
          "assetId": "jZNfJESa7bty",
          "checksum": "516a03b56e9722b0d7ad3a21dde65f77"
        },
        {
          "type": "renderModule",
          "assetId": "C8f9tLyTGaUR",
          "checksum": "7eaacb3e4062a8326d9ccf35022f2e2d"
        },
        {
          "type": "cssRules",
          "assetId": "C8f9tLyTGaUR",
          "checksum": "7eaacb3e4062a8326d9ccf35022f2e2d"
        },
        {
          "type": "renderModule",
          "assetId": "8BGjQZUgzyum",
          "checksum": "fa65b8731f2c6dff499987c717a40ccb"
        },
        {
          "type": "cssRules",
          "assetId": "8BGjQZUgzyum",
          "checksum": "fa65b8731f2c6dff499987c717a40ccb"
        },
        {
          "type": "renderModule",
          "assetId": "yb6NoNktLEqW",
          "checksum": "4d8afe33971384ace1eb3942f3ae60f7"
        },
        {
          "type": "cssRules",
          "assetId": "yb6NoNktLEqW",
          "checksum": "4d8afe33971384ace1eb3942f3ae60f7"
        },
        {
          "type": "renderModule",
          "assetId": "9CjNEB42uJzj",
          "checksum": "f53d14fd11656cfe6a62bead00012a21"
        },
        {
          "type": "cssRules",
          "assetId": "9CjNEB42uJzj",
          "checksum": "f53d14fd11656cfe6a62bead00012a21"
        },
        {
          "type": "renderModule",
          "assetId": "GpFdzmhF4-uh",
          "checksum": "52619650cbe657c5920b631ccc5c8bac"
        },
        {
          "type": "cssRules",
          "assetId": "GpFdzmhF4-uh",
          "checksum": "52619650cbe657c5920b631ccc5c8bac"
        },
        {
          "type": "renderModule",
          "assetId": "HwyJBTEgZPTV",
          "checksum": "bb51b6bd0022dcda21a6bddb622c10a7"
        },
        {
          "type": "cssRules",
          "assetId": "HwyJBTEgZPTV",
          "checksum": "bb51b6bd0022dcda21a6bddb622c10a7"
        },
        {
          "type": "renderModule",
          "assetId": "Svhekvnr8s8r",
          "checksum": "d1b39814f9dd5a3edd894c4c35f8c594"
        },
        {
          "type": "cssRules",
          "assetId": "Svhekvnr8s8r",
          "checksum": "d1b39814f9dd5a3edd894c4c35f8c594"
        },
        {
          "type": "renderModule",
          "assetId": "RRkfys9gsrtt",
          "checksum": "489b387cc57686a2037329c7766eca19"
        },
        {
          "type": "cssRules",
          "assetId": "RRkfys9gsrtt",
          "checksum": "489b387cc57686a2037329c7766eca19"
        },
        {
          "type": "renderModule",
          "assetId": "MkTrN3hA6zc2",
          "checksum": "8e0ff40dffed4864890da6918c45c4c2"
        },
        {
          "type": "cssRules",
          "assetId": "MkTrN3hA6zc2",
          "checksum": "8e0ff40dffed4864890da6918c45c4c2"
        },
        {
          "type": "renderModule",
          "assetId": "q4iUs71Ve8ZA",
          "checksum": "fe0b22e9f9a33de7b083506c2082d4a1"
        },
        {
          "type": "cssRules",
          "assetId": "q4iUs71Ve8ZA",
          "checksum": "fe0b22e9f9a33de7b083506c2082d4a1"
        },
        {
          "type": "icon",
          "assetId": "IC7ycYphHpjw",
          "checksum": "ccc44d2eba2cf5ee93cb097a286b40be"
        },
        {
          "type": "icon",
          "assetId": "7sgNTXN-bhFB",
          "checksum": "ee3bfd5d2835d2c00422af999838efb4"
        },
        {
          "type": "icon",
          "assetId": "R9G-bwwvLsXS",
          "checksum": "97627eef2e0adbb54004adfd268dec3c"
        },
        {
          "type": "icon",
          "assetId": "QaA5eMfuTQEY",
          "checksum": "d1a7f40cfa260ef53f90eb7e092857f0"
        },
        {
          "type": "icon",
          "assetId": "_D_2rR78jwrO",
          "checksum": "2b3e5936a79bf081175a0db5ec639446"
        },
        {
          "type": "icon",
          "assetId": "Vp12ElooXaaP",
          "checksum": "062ea0fccef7e1c0cfdf8cebd681d70f"
        },
        {
          "type": "icon",
          "assetId": "wpB1l3Z9qI_2",
          "checksum": "6d2f1a14ca170fbc53b9c9d429e66395"
        },
        {
          "type": "icon",
          "assetId": "MeawlVrc7p-u",
          "checksum": "73ef19cd9682e6315a44e8c75e643e63"
        },
        {
          "type": "icon",
          "assetId": "Yrry_94-feiz",
          "checksum": "cfffcbbee8fe05875d29f74f4bece029"
        },
        {
          "type": "icon",
          "assetId": "q6AZOQ6zTDhM",
          "checksum": "e7cebca9d36a073bca2071e45dfeb167"
        },
        {
          "type": "icon",
          "assetId": "VhpnAEjy1T-P",
          "checksum": "29d29a76cc4e1b395876245be3b762d8"
        },
        {
          "type": "icon",
          "assetId": "SUNmOWxvkS_C",
          "checksum": "484fd06ef7891dabc98cfa9a8f30a2cb"
        },
        {
          "type": "icon",
          "assetId": "Dsa-mt6NbFxe",
          "checksum": "fd0b526398dbdbff5b06416f64ca9942"
        },
        {
          "type": "icon",
          "assetId": "JFiiYDugb7IN",
          "checksum": "e197765cde98738f9a39c5c9e72ae8cd"
        },
        {
          "type": "icon",
          "assetId": "wwdft5psgCds",
          "checksum": "f73e32e549e49cb7d9eca280dae23fee"
        },
        {
          "type": "icon",
          "assetId": "7A69US2l9RQo",
          "checksum": "1a09b74268eadd7ed35dedd2adb2ec5f"
        },
        {
          "type": "icon",
          "assetId": "UZBGPQvUmEib",
          "checksum": "407e715aadecafac7e8f628bc09db8ce"
        },
        {
          "type": "icon",
          "assetId": "vtIKXT7rh5yT",
          "checksum": "ad14f5a1c4d0e076274e7a1a627ff0c6"
        },
        {
          "type": "icon",
          "assetId": "fFbz8OXtljue",
          "checksum": "2d0958050c89a469250b553059d8c7f0"
        },
        {
          "type": "icon",
          "assetId": "EXd5kturjEPY",
          "checksum": "e78459019a1a351bfcb22038958ce2fa"
        },
        {
          "type": "icon",
          "assetId": "GN3sfPXS6_iI",
          "checksum": "21e43218ac0c322255ae369e5b8c1272"
        },
        {
          "type": "icon",
          "assetId": "tjsoG7ClW5FH",
          "checksum": "a39151bdf7888227092b6442bdb40ab8"
        },
        {
          "type": "icon",
          "assetId": "oPSneQ3NitM1",
          "checksum": "0eab9864676b306d6adaa419b92b8f24"
        },
        {
          "type": "icon",
          "assetId": "RtaTbrDxbIfz",
          "checksum": "ac2708fd8bf56d5fa61e9add778362b0"
        },
        {
          "type": "icon",
          "assetId": "ML31v7iBOSTD",
          "checksum": "d451df743906cb7d4ca727ba0c684b9b"
        },
        {
          "type": "icon",
          "assetId": "xBGyFb1fjE6T",
          "checksum": "6c5748188a49bbdb32949e34eeba2ffc"
        },
        {
          "type": "icon",
          "assetId": "9UtjvGWASob-",
          "checksum": "90c9e116bf29f13129e9bea8a368eaed"
        },
        {
          "type": "icon",
          "assetId": "ILkf8pnTpwUF",
          "checksum": "70a112d527793676fd04f57b5607bd5d"
        },
        {
          "type": "icon",
          "assetId": "dFTrCOO8A3-O",
          "checksum": "a002df835f3b7c947ee50f8256a5b3e9"
        },
        {
          "type": "icon",
          "assetId": "Vv7muEH4Fv3K",
          "checksum": "33dad32f798866213613ed81b1a1c9e4"
        },
        {
          "type": "icon",
          "assetId": "ifUEmdI1Jbp1",
          "checksum": "c7d9e15b5f0bf6fffe88d5eb2ff8d68c"
        },
        {
          "type": "icon",
          "assetId": "XwJ09v1wpGZM",
          "checksum": "f0bbe7c5db3666c4095c1745e4bfe94b"
        },
        {
          "type": "icon",
          "assetId": "gblZIDUnvzOa",
          "checksum": "5e369e52365871b0f638e1b949b25665"
        },
        {
          "type": "icon",
          "assetId": "C87fX7RllPrB",
          "checksum": "222a3590a836e5b22349d822222a99c5"
        },
        {
          "type": "icon",
          "assetId": "HreH8oqEjGWZ",
          "checksum": "ff0785a83bce7c339f6f2eda7640f957"
        },
        {
          "type": "icon",
          "assetId": "G-X5KVV5YSXy",
          "checksum": "be2d27e5ec75dd2b92ce4dad1bb21d2d"
        },
        {
          "type": "icon",
          "assetId": "_Xo752c7AVWn",
          "checksum": "cf3ee3972c0b4336b776b942dbe881b3"
        },
        {
          "type": "icon",
          "assetId": "bO0Zrp0LpHXg",
          "checksum": "f1a43029133384481cf98f1c02fb67db"
        },
        {
          "type": "icon",
          "assetId": "9M_bXaSriyHG",
          "checksum": "a3535cf0883ad3fa1dab0d1c72d1fad4"
        },
        {
          "type": "icon",
          "assetId": "LmGA6yOXru4K",
          "checksum": "4096d28a593a9137e971a434ae9afca3"
        },
        {
          "type": "icon",
          "assetId": "yk_cP0NmN2t2",
          "checksum": "51fbd181ae1e7961488150997552cc92"
        },
        {
          "type": "icon",
          "assetId": "YjVqrW6aV-Xz",
          "checksum": "ef9628b90fdc9e95731891be20b83e74"
        },
        {
          "type": "icon",
          "assetId": "0VKxJJp0BM8r",
          "checksum": "68f6dd8922f62c9e2e0243382eddfa21"
        },
        {
          "type": "icon",
          "assetId": "8ew3PfxYfc3D",
          "checksum": "e3333e198d5b3bb41de153b59063b03a"
        },
        {
          "type": "image",
          "assetId": "5Xjh9uvurPq-",
          "checksum": "a495c478cbee0aba8f06a9db227482fa"
        },
        {
          "type": "image",
          "assetId": "rmB1z8BY11wS",
          "checksum": "c74529b89c431282f270ac506911c3ed"
        },
        {
          "type": "image",
          "assetId": "_mbe1K4x1ADG",
          "checksum": "3e927156d179daca6e5738431b1cc925"
        },
        {
          "type": "image",
          "assetId": "An0CZ5NVMkMn",
          "checksum": "9602276075125858714b4d14b3bfc312"
        },
        {
          "type": "image",
          "assetId": "lD435s1QKd1G",
          "checksum": "0e58c15eaf8bea85901b7cd21a226fa1"
        },
        {
          "type": "image",
          "assetId": "VFKDE07f08W9",
          "checksum": "c25dec3ccc7e5a44f1869519bc071add"
        },
        {
          "type": "image",
          "assetId": "aYAFn4kjobjt",
          "checksum": "64efce0c99353d3a6ad76e76502f53da"
        },
        {
          "type": "image",
          "assetId": "7Qb9DrGB1bfU",
          "checksum": "8671620a4f3c2245aaee34d899c78702"
        },
        {
          "type": "image",
          "assetId": "Hspp76NfVF0O",
          "checksum": "321dd3318c3d3931f46d1d7bc6b9587a"
        },
        {
          "type": "image",
          "assetId": "hK0gBuqny2Ja",
          "checksum": "1aa5c46ae057edeb659e7b53ccf39b85"
        },
        {
          "type": "image",
          "assetId": "p04cCELDFuja",
          "checksum": "bbfd0dac39ca0a870d15a4465a690722"
        },
        {
          "type": "image",
          "assetId": "cKTD02F2BlVX",
          "checksum": "3b85b5f057135b687f9aee12a078d282"
        },
        {
          "type": "image",
          "assetId": "GC8nX6Fee49W",
          "checksum": "262b31dcfc11dc0e20b5bc54cdf86000"
        },
        {
          "type": "image",
          "assetId": "PKjM8onlbToQ",
          "checksum": "52d796a74d3eaef06961810a29a669ad"
        },
        {
          "type": "image",
          "assetId": "qzI5XH7bHFai",
          "checksum": "507093a3de703772e09c9ad4db32a4bb"
        },
        {
          "type": "image",
          "assetId": "eba1YwFdpnHo",
          "checksum": "4be546c61f104f65139ad38f735cbbc3"
        },
        {
          "type": "image",
          "assetId": "P7Yis0JPAnf5",
          "checksum": "d9f480dc4e2ef48df7cd434bd2f3ea3f"
        },
        {
          "type": "image",
          "assetId": "mJV8xk7CkgzI",
          "checksum": "b570d55bdd168080155abeec457db528"
        },
        {
          "type": "image",
          "assetId": "-vE4_zmahY88",
          "checksum": "2fbf18edfe69a336345e7c2fa998e7fd"
        },
        {
          "type": "image",
          "assetId": "Dz8WB4qOtxsO",
          "checksum": "b2d430c017e17ab9a28df4e38c7f5a61"
        },
        {
          "type": "image",
          "assetId": "Fm0PltIP588-",
          "checksum": "3b7c997b86eebac24614fb95df9ef389"
        },
        {
          "type": "image",
          "assetId": "WtHMzC4XkXeN",
          "checksum": "d2b366bdaa31c02cb3e4b154299ad7ad"
        },
        {
          "type": "image",
          "assetId": "g7_1DvLyGBug",
          "checksum": "779e83d72a356b2f05484d8c929b4c83"
        },
        {
          "type": "image",
          "assetId": "SnOPwfsh08Cm",
          "checksum": "c55eb87c848526996eab5669c3569bf6"
        },
        {
          "type": "image",
          "assetId": "DHtioIzdQ7ks",
          "checksum": "deb47f46788bceda57fd3d03b6392c24"
        },
        {
          "type": "image",
          "assetId": "cVmZgvgf2B6G",
          "checksum": "18fb557eb452a070096cc482d38ef1f4"
        },
        {
          "type": "image",
          "assetId": "eXLuPzoZ3tfX",
          "checksum": "7ce849547f7d33d0326712882d3ebe47"
        },
        {
          "type": "image",
          "assetId": "1jfQBdpbp5h_",
          "checksum": "c22b3fc5192901bce7b5fe3722f15324"
        },
        {
          "type": "image",
          "assetId": "llbezIaqNMH-",
          "checksum": "9afb2797d7d8b7058d4d3ed35ead8bce"
        },
        {
          "type": "image",
          "assetId": "6N8_BOJY_CWp",
          "checksum": "e3b1ea052723078cad12351485d7fdc1"
        },
        {
          "type": "image",
          "assetId": "LHE2S9qrZVZb",
          "checksum": "087cf9d4f7fa6e984908aedc705b0c76"
        },
        {
          "type": "image",
          "assetId": "PVBwE_725-dp",
          "checksum": "58a2d72f4ec5a8c3f5325811bf7a8db8"
        },
        {
          "type": "image",
          "assetId": "Aub1IfA8AsUM",
          "checksum": "9cc794c7b43e100cc2cdc38866e65989"
        },
        {
          "type": "image",
          "assetId": "9tr_qJQ0q1P2",
          "checksum": "425cefbca0371fb9203ac2d5106bf822"
        },
        {
          "type": "image",
          "assetId": "j8SxNiPav-OK",
          "checksum": "a29ddbde4569aec9bba2466f04b7a692"
        },
        {
          "type": "image",
          "assetId": "XBTM5FPVB8Vp",
          "checksum": "bef94ea8b5debeb72273a6539ea0f446"
        },
        {
          "type": "image",
          "assetId": "rZQXglqNwdtC",
          "checksum": "e0aa6aec3449adc8c3bdbfb2fc151e68"
        },
        {
          "type": "image",
          "assetId": "VZ3UItFY-8qt",
          "checksum": "96a30b268ad651e4d79ad002493a56ef"
        },
        {
          "type": "image",
          "assetId": "BDLHUwo6mxEp",
          "checksum": "264ea3bc72447a00c97068e003947558"
        },
        {
          "type": "image",
          "assetId": "xGnTNduGYE--",
          "checksum": "78b153c4967fafe80b4a9c30bbae3620"
        },
        {
          "type": "image",
          "assetId": "BjFbKDv0NWrl",
          "checksum": "1a242a97b96e3096b11f1944321ec532"
        },
        {
          "type": "image",
          "assetId": "POzNNMOK_6RW",
          "checksum": "1922dad6586518bfabe57eb009ebb1fb"
        },
        {
          "type": "image",
          "assetId": "jcDs0pKlae0a",
          "checksum": "3ca507f68466ddbdd2f419f7eb9c0566"
        },
        {
          "type": "image",
          "assetId": "HKyR2Ij-rMvK",
          "checksum": "258c5d07d740eeaaddde2719b92d47d7"
        },
        {
          "type": "image",
          "assetId": "5Fw6-jf18LN2",
          "checksum": "747e1bd1a124f2d887e1c09af7d63f0c"
        },
        {
          "type": "image",
          "assetId": "xe-siFe1yjjY",
          "checksum": "57e795704311983fe43771848fb8dd42"
        },
        {
          "type": "image",
          "assetId": "pDquf1DhL9-t",
          "checksum": "4ba1cb01fc26a77231bd17ccdbfba026"
        },
        {
          "type": "image",
          "assetId": "_L8V-TwCGzlc",
          "checksum": "189caebe9251547173c20aad2888128d"
        },
        {
          "type": "image",
          "assetId": "eQ2V5cwuMoxw",
          "checksum": "ae42b82f9ae57087269cfc476e9ece40"
        },
        {
          "type": "image",
          "assetId": "hLuoaQebHnst",
          "checksum": "09d8ca3d43c37759735e548140b910d4"
        },
        {
          "type": "image",
          "assetId": "LDqRz1tHC99c",
          "checksum": "0bb7992ca61ef38fb0112f9be87a973e"
        },
        {
          "type": "image",
          "assetId": "SBLcqbiOz6Dk",
          "checksum": "e917b74d056a4833257f492098330080"
        },
        {
          "type": "image",
          "assetId": "Uk-Mc1YSdiAm",
          "checksum": "b6318eb24efee3f882f58ccb15857636"
        },
        {
          "type": "image",
          "assetId": "1xfVp-l402_A",
          "checksum": "86e2042f38fbae23542cb49b5995d2ac"
        },
        {
          "type": "image",
          "assetId": "Q-2p4kAUC2rS",
          "checksum": "7b10f1b50c69674b664f3cb7a50d544e"
        },
        {
          "type": "image",
          "assetId": "sro_YQeO-hHP",
          "checksum": "d275e77141879ed2ffa27b3483b019bc"
        },
        {
          "type": "image",
          "assetId": "FFIPEhqxnP5b",
          "checksum": "8f318ea3361e52b5165cd47747c397fc"
        },
        {
          "type": "image",
          "assetId": "cKdEmzVaJWqv",
          "checksum": "9874ee299d9c5fba3c0e5e7aebcd1570"
        },
        {
          "type": "image",
          "assetId": "JykOxVihVJwt",
          "checksum": "ea5b2d770a33e4b79dbef29f6abc243e"
        },
        {
          "type": "image",
          "assetId": "9PLnZa1pgsJU",
          "checksum": "82785db916d3f8fec504660c6923a442"
        },
        {
          "type": "image",
          "assetId": "IVPmDYbJba85",
          "checksum": "fff6593f400e7bd2de77f4a192db3310"
        },
        {
          "type": "image",
          "assetId": "uZJxLh_P6OVO",
          "checksum": "ab556b4f2c9c7fc93f81e060f6b713b9"
        },
        {
          "type": "image",
          "assetId": "ZUC7I6gmJFBI",
          "checksum": "b2d9e3788361149569b7dbc3228422c9"
        },
        {
          "type": "image",
          "assetId": "zSoUyWw8rhzm",
          "checksum": "61c81c109a2d821c15a37f8ad9261767"
        },
        {
          "type": "image",
          "assetId": "QgjYtYLT3_t7",
          "checksum": "d3c3d50f137abed9270b319ad517fd61"
        },
        {
          "type": "image",
          "assetId": "BQx6cFFCMJ6N",
          "checksum": "6e061ac5e1adc47a0a17df4bac63f45f"
        },
        {
          "type": "image",
          "assetId": "YWeiAxaUvqMM",
          "checksum": "a6da2861dddd9473c48d236a10729266"
        },
        {
          "type": "image",
          "assetId": "AacvaE-eUEO7",
          "checksum": "897954b820fee17af1165485a2f997c2"
        },
        {
          "type": "image",
          "assetId": "i1CX2zL668zF",
          "checksum": "2e4cddeb6b6f846b60e4a9b4b32b717b"
        },
        {
          "type": "image",
          "assetId": "8cUSw5dKBNQB",
          "checksum": "34a20aec5ac2c23115d606c906dca850"
        },
        {
          "type": "image",
          "assetId": "D_cR5GuAtBGV",
          "checksum": "95e27c75d2e11feb7d301e7ccc20f775"
        },
        {
          "type": "image",
          "assetId": "RRBa2F4l3ZMZ",
          "checksum": "21c62dd6e875d2ed84969ea164c21fbb"
        },
        {
          "type": "image",
          "assetId": "dncyzFWAg3TW",
          "checksum": "a76e513a0f129a3abd39b6d0429f4e27"
        },
        {
          "type": "image",
          "assetId": "CjL_3pxOltFl",
          "checksum": "0bfd4c71d1c97485957a209c27def7d3"
        },
        {
          "type": "image",
          "assetId": "ebGAWLsmk_Zj",
          "checksum": "adaf0f43ba13becc3533f731d6fde5f2"
        },
        {
          "type": "image",
          "assetId": "OtjK6js4nSma",
          "checksum": "8961fb2d463d5c808448411e1a9e4862"
        },
        {
          "type": "image",
          "assetId": "KIoMghpnuy07",
          "checksum": "a78419838f5ebf4bf44e94a5447fb006"
        },
        {
          "type": "globalVariant",
          "assetId": "sG7zVpnQvg5c",
          "checksum": "6879e519ea09c22eebab445238c46b38"
        },
        {
          "type": "globalVariant",
          "assetId": "vd_f4blL7ky1",
          "checksum": "7c33f06655f880ecba5bc51e60d07f9e"
        },
        {
          "type": "image",
          "assetId": "2BK0F2X5cx4b",
          "checksum": "7272ea6549c7b1245182824a28ede025"
        },
        {
          "type": "image",
          "assetId": "5qtXefiyc_Nz",
          "checksum": "111ac0892a1bd86e8c72efe5f647c20c"
        },
        {
          "type": "image",
          "assetId": "vL5nujVvXnaX",
          "checksum": "9e7db1cf2c2187f69e24931da6cf1d3e"
        },
        {
          "type": "image",
          "assetId": "3Uw14uoTmUvQ",
          "checksum": "e9f9d5837ea216feb8fe170ccfc59a0b"
        },
        {
          "assetId": "mwhScQxahW1in9QQ9WEhLw",
          "type": "projectCss",
          "checksum": "1c73069944adf937160e9ac4941f3d02"
        }
      ],
      "codegenVersion": "0.0.1"
    }
  ],
  "cliVersion": "0.1.335"
}
